
Microsoft Visual Studio Solution File, Format Version 12.00
# Visual Studio Version 16
VisualStudioVersion = 16.0.30503.244
MinimumVisualStudioVersion = 10.0.40219.1
Project("{FAE04EC0-301F-11D3-BF4B-00C04F79EFBC}") = "CSharpPractice", "CSharpPractice.csproj", "{7643C116-45D6-438B-8D06-D7DB3E88ED73}"
EndProject
Global
	GlobalSection(SolutionConfigurationPlatforms) = preSolution
		Debug|Any CPU = Debug|Any CPU
		Release|Any CPU = Release|Any CPU
	EndGlobalSection
	GlobalSection(ProjectConfigurationPlatforms) = postSolution
		{7643C116-45D6-438B-8D06-D7DB3E88ED73}.Debug|Any CPU.ActiveCfg = Debug|Any CPU
		{7643C116-45D6-438B-8D06-D7DB3E88ED73}.Debug|Any CPU.Build.0 = Debug|Any CPU
		{7643C116-45D6-438B-8D06-D7DB3E88ED73}.Release|Any CPU.ActiveCfg = Release|Any CPU
		{7643C116-45D6-438B-8D06-D7DB3E88ED73}.Release|Any CPU.Build.0 = Release|Any CPU
	EndGlobalSection
	GlobalSection(SolutionProperties) = preSolution
		HideSolutionNode = FALSE
	EndGlobalSection
	GlobalSection(ExtensibilityGlobals) = postSolution
		SolutionGuid = {A5979F81-7010-43EA-81CA-378F036E801D}
	EndGlobalSection
EndGlobal
